// !$*UTF8*$!
{
	archiveVersion = 1;
	classes = {
	};
	objectVersion = 77;
	objects = {

/* Begin PBXContainerItemProxy section */
		6C0DAA142DA1A20F00FCC7EB /* PBXContainerItemProxy */ = {
			isa = PBXContainerItemProxy;
			containerPortal = 6C0DA9F92DA1A20D00FCC7EB /* Project object */;
			proxyType = 1;
			remoteGlobalIDString = 6C0DAA002DA1A20D00FCC7EB;
			remoteInfo = Teleprompter;
		};
		6C0DAA1E2DA1A20F00FCC7EB /* PBXContainerItemProxy */ = {
			isa = PBXContainerItemProxy;
			containerPortal = 6C0DA9F92DA1A20D00FCC7EB /* Project object */;
			proxyType = 1;
			remoteGlobalIDString = 6C0DAA002DA1A20D00FCC7EB;
			remoteInfo = Teleprompter;
		};
/* End PBXContainerItemProxy section */

/* Begin PBXFileReference section */
		6C0DAA012DA1A20D00FCC7EB /* Teleprompter.app */ = {isa = PBXFileReference; explicitFileType = wrapper.application; includeInIndex = 0; path = Teleprompter.app; sourceTree = BUILT_PRODUCTS_DIR; };
		6C0DAA132DA1A20F00FCC7EB /* TeleprompterTests.xctest */ = {isa = PBXFileReference; explicitFileType = wrapper.cfbundle; includeInIndex = 0; path = TeleprompterTests.xctest; sourceTree = BUILT_PRODUCTS_DIR; };
		6C0DAA1D2DA1A20F00FCC7EB /* TeleprompterUITests.xctest */ = {isa = PBXFileReference; explicitFileType = wrapper.cfbundle; includeInIndex = 0; path = TeleprompterUITests.xctest; sourceTree = BUILT_PRODUCTS_DIR; };
/* End PBXFileReference section */

/* Begin PBXFileSystemSynchronizedRootGroup section */
		6C0DAA032DA1A20D00FCC7EB /* Teleprompter */ = {
			isa = PBXFileSystemSynchronizedRootGroup;
			path = Teleprompter;
			sourceTree = "<group>";
		};
		6C0DAA162DA1A20F00FCC7EB /* TeleprompterTests */ = {
			isa = PBXFileSystemSynchronizedRootGroup;
			path = TeleprompterTests;
			sourceTree = "<group>";
		};
		6C0DAA202DA1A20F00FCC7EB /* TeleprompterUITests */ = {
			isa = PBXFileSystemSynchronizedRootGroup;
			path = TeleprompterUITests;
			sourceTree = "<group>";
		};
/* End PBXFileSystemSynchronizedRootGroup section */

/* Begin PBXFrameworksBuildPhase section */
		6C0DA9FE2DA1A20D00FCC7EB /* Frameworks */ = {
			isa = PBXFrameworksBuildPhase;
			buildActionMask = 2147483647;
			files = (
			);
			runOnlyForDeploymentPostprocessing = 0;
		};
		6C0DAA102DA1A20F00FCC7EB /* Frameworks */ = {
			isa = PBXFrameworksBuildPhase;
			buildActionMask = 2147483647;
			files = (
			);
			runOnlyForDeploymentPostprocessing = 0;
		};
		6C0DAA1A2DA1A20F00FCC7EB /* Frameworks */ = {
			isa = PBXFrameworksBuildPhase;
			buildActionMask = 2147483647;
			files = (
			);
			runOnlyForDeploymentPostprocessing = 0;
		};
/* End PBXFrameworksBuildPhase section */

/* Begin PBXGroup section */
		6C0DA9F82DA1A20D00FCC7EB = {
			isa = PBXGroup;
			children = (
				6C0DAA032DA1A20D00FCC7EB /* Teleprompter */,
				6C0DAA162DA1A20F00FCC7EB /* TeleprompterTests */,
				6C0DAA202DA1A20F00FCC7EB /* TeleprompterUITests */,
				6C0DAA022DA1A20D00FCC7EB /* Products */,
			);
			sourceTree = "<group>";
		};
		6C0DAA022DA1A20D00FCC7EB /* Products */ = {
			isa = PBXGroup;
			children = (
				6C0DAA012DA1A20D00FCC7EB /* Teleprompter.app */,
				6C0DAA132DA1A20F00FCC7EB /* TeleprompterTests.xctest */,
				6C0DAA1D2DA1A20F00FCC7EB /* TeleprompterUITests.xctest */,
			);
			name = Products;
			sourceTree = "<group>";
		};
/* End PBXGroup section */

/* Begin PBXNativeTarget section */
		6C0DAA002DA1A20D00FCC7EB /* Teleprompter */ = {
			isa = PBXNativeTarget;
			buildConfigurationList = 6C0DAA272DA1A20F00FCC7EB /* Build configuration list for PBXNativeTarget "Teleprompter" */;
			buildPhases = (
				6C0DA9FD2DA1A20D00FCC7EB /* Sources */,
				6C0DA9FE2DA1A20D00FCC7EB /* Frameworks */,
				6C0DA9FF2DA1A20D00FCC7EB /* Resources */,
			);
			buildRules = (
			);
			dependencies = (
			);
			fileSystemSynchronizedGroups = (
				6C0DAA032DA1A20D00FCC7EB /* Teleprompter */,
			);
			name = Teleprompter;
			packageProductDependencies = (
			);
			productName = Teleprompter;
			productReference = 6C0DAA012DA1A20D00FCC7EB /* Teleprompter.app */;
			productType = "com.apple.product-type.application";
		};
		6C0DAA122DA1A20F00FCC7EB /* TeleprompterTests */ = {
			isa = PBXNativeTarget;
			buildConfigurationList = 6C0DAA2A2DA1A20F00FCC7EB /* Build configuration list for PBXNativeTarget "TeleprompterTests" */;
			buildPhases = (
				6C0DAA0F2DA1A20F00FCC7EB /* Sources */,
				6C0DAA102DA1A20F00FCC7EB /* Frameworks */,
				6C0DAA112DA1A20F00FCC7EB /* Resources */,
			);
			buildRules = (
			);
			dependencies = (
				6C0DAA152DA1A20F00FCC7EB /* PBXTargetDependency */,
			);
			fileSystemSynchronizedGroups = (
				6C0DAA162DA1A20F00FCC7EB /* TeleprompterTests */,
			);
			name = TeleprompterTests;
			packageProductDependencies = (
			);
			productName = TeleprompterTests;
			productReference = 6C0DAA132DA1A20F00FCC7EB /* TeleprompterTests.xctest */;
			productType = "com.apple.product-type.bundle.unit-test";
		};
		6C0DAA1C2DA1A20F00FCC7EB /* TeleprompterUITests */ = {
			isa = PBXNativeTarget;
			buildConfigurationList = 6C0DAA2D2DA1A20F00FCC7EB /* Build configuration list for PBXNativeTarget "TeleprompterUITests" */;
			buildPhases = (
				6C0DAA192DA1A20F00FCC7EB /* Sources */,
				6C0DAA1A2DA1A20F00FCC7EB /* Frameworks */,
				6C0DAA1B2DA1A20F00FCC7EB /* Resources */,
			);
			buildRules = (
			);
			dependencies = (
				6C0DAA1F2DA1A20F00FCC7EB /* PBXTargetDependency */,
			);
			fileSystemSynchronizedGroups = (
				6C0DAA202DA1A20F00FCC7EB /* TeleprompterUITests */,
			);
			name = TeleprompterUITests;
			packageProductDependencies = (
			);
			productName = TeleprompterUITests;
			productReference = 6C0DAA1D2DA1A20F00FCC7EB /* TeleprompterUITests.xctest */;
			productType = "com.apple.product-type.bundle.ui-testing";
		};
/* End PBXNativeTarget section */

/* Begin PBXProject section */
		6C0DA9F92DA1A20D00FCC7EB /* Project object */ = {
			isa = PBXProject;
			attributes = {
				BuildIndependentTargetsInParallel = 1;
				LastSwiftUpdateCheck = 1630;
				LastUpgradeCheck = 1630;
				TargetAttributes = {
					6C0DAA002DA1A20D00FCC7EB = {
						CreatedOnToolsVersion = 16.3;
					};
					6C0DAA122DA1A20F00FCC7EB = {
						CreatedOnToolsVersion = 16.3;
						TestTargetID = 6C0DAA002DA1A20D00FCC7EB;
					};
					6C0DAA1C2DA1A20F00FCC7EB = {
						CreatedOnToolsVersion = 16.3;
						TestTargetID = 6C0DAA002DA1A20D00FCC7EB;
					};
				};
			};
			buildConfigurationList = 6C0DA9FC2DA1A20D00FCC7EB /* Build configuration list for PBXProject "Teleprompter" */;
			developmentRegion = en;
			hasScannedForEncodings = 0;
			knownRegions = (
				en,
				Base,
			);
			mainGroup = 6C0DA9F82DA1A20D00FCC7EB;
			minimizedProjectReferenceProxies = 1;
			preferredProjectObjectVersion = 77;
			productRefGroup = 6C0DAA022DA1A20D00FCC7EB /* Products */;
			projectDirPath = "";
			projectRoot = "";
			targets = (
				6C0DAA002DA1A20D00FCC7EB /* Teleprompter */,
				6C0DAA122DA1A20F00FCC7EB /* TeleprompterTests */,
				6C0DAA1C2DA1A20F00FCC7EB /* TeleprompterUITests */,
			);
		};
/* End PBXProject section */

/* Begin PBXResourcesBuildPhase section */
		6C0DA9FF2DA1A20D00FCC7EB /* Resources */ = {
			isa = PBXResourcesBuildPhase;
			buildActionMask = 2147483647;
			files = (
			);
			runOnlyForDeploymentPostprocessing = 0;
		};
		6C0DAA112DA1A20F00FCC7EB /* Resources */ = {
			isa = PBXResourcesBuildPhase;
			buildActionMask = 2147483647;
			files = (
			);
			runOnlyForDeploymentPostprocessing = 0;
		};
		6C0DAA1B2DA1A20F00FCC7EB /* Resources */ = {
			isa = PBXResourcesBuildPhase;
			buildActionMask = 2147483647;
			files = (
			);
			runOnlyForDeploymentPostprocessing = 0;
		};
/* End PBXResourcesBuildPhase section */

/* Begin PBXSourcesBuildPhase section */
		6C0DA9FD2DA1A20D00FCC7EB /* Sources */ = {
			isa = PBXSourcesBuildPhase;
			buildActionMask = 2147483647;
			files = (
			);
			runOnlyForDeploymentPostprocessing = 0;
		};
		6C0DAA0F2DA1A20F00FCC7EB /* Sources */ = {
			isa = PBXSourcesBuildPhase;
			buildActionMask = 2147483647;
			files = (
			);
			runOnlyForDeploymentPostprocessing = 0;
		};
		6C0DAA192DA1A20F00FCC7EB /* Sources */ = {
			isa = PBXSourcesBuildPhase;
			buildActionMask = 2147483647;
			files = (
			);
			runOnlyForDeploymentPostprocessing = 0;
		};
/* End PBXSourcesBuildPhase section */

/* Begin PBXTargetDependency section */
		6C0DAA152DA1A20F00FCC7EB /* PBXTargetDependency */ = {
			isa = PBXTargetDependency;
			target = 6C0DAA002DA1A20D00FCC7EB /* Teleprompter */;
			targetProxy = 6C0DAA142DA1A20F00FCC7EB /* PBXContainerItemProxy */;
		};
		6C0DAA1F2DA1A20F00FCC7EB /* PBXTargetDependency */ = {
			isa = PBXTargetDependency;
			target = 6C0DAA002DA1A20D00FCC7EB /* Teleprompter */;
			targetProxy = 6C0DAA1E2DA1A20F00FCC7EB /* PBXContainerItemProxy */;
		};
/* End PBXTargetDependency section */

/* Begin XCBuildConfiguration section */
		6C0DAA252DA1A20F00FCC7EB /* Debug */ = {
			isa = XCBuildConfiguration;
			buildSettings = {
				ALWAYS_SEARCH_USER_PATHS = NO;
				ASSETCATALOG_COMPILER_GENERATE_SWIFT_ASSET_SYMBOL_EXTENSIONS = YES;
				CLANG_ANALYZER_NONNULL = YES;
				CLANG_ANALYZER_NUMBER_OBJECT_CONVERSION = YES_AGGRESSIVE;
				CLANG_CXX_LANGUAGE_STANDARD = "gnu++20";
				CLANG_ENABLE_MODULES = YES;
				CLANG_ENABLE_OBJC_ARC = YES;
				CLANG_ENABLE_OBJC_WEAK = YES;
				CLANG_WARN_BLOCK_CAPTURE_AUTORELEASING = YES;
				CLANG_WARN_BOOL_CONVERSION = YES;
				CLANG_WARN_COMMA = YES;
				CLANG_WARN_CONSTANT_CONVERSION = YES;
				CLANG_WARN_DEPRECATED_OBJC_IMPLEMENTATIONS = YES;
				CLANG_WARN_DIRECT_OBJC_ISA_USAGE = YES_ERROR;
				CLANG_WARN_DOCUMENTATION_COMMENTS = YES;
				CLANG_WARN_EMPTY_BODY = YES;
				CLANG_WARN_ENUM_CONVERSION = YES;
				CLANG_WARN_INFINITE_RECURSION = YES;
				CLANG_WARN_INT_CONVERSION = YES;
				CLANG_WARN_NON_LITERAL_NULL_CONVERSION = YES;
				CLANG_WARN_OBJC_IMPLICIT_RETAIN_SELF = YES;
				CLANG_WARN_OBJC_LITERAL_CONVERSION = YES;
				CLANG_WARN_OBJC_ROOT_CLASS = YES_ERROR;
				CLANG_WARN_QUOTED_INCLUDE_IN_FRAMEWORK_HEADER = YES;
				CLANG_WARN_RANGE_LOOP_ANALYSIS = YES;
				CLANG_WARN_STRICT_PROTOTYPES = YES;
				CLANG_WARN_SUSPICIOUS_MOVE = YES;
				CLANG_WARN_UNGUARDED_AVAILABILITY = YES_AGGRESSIVE;
				CLANG_WARN_UNREACHABLE_CODE = YES;
				CLANG_WARN__DUPLICATE_METHOD_MATCH = YES;
				COPY_PHASE_STRIP = NO;
				DEBUG_INFORMATION_FORMAT = dwarf;
				DEVELOPMENT_TEAM = 5248R2N53Q;
				ENABLE_STRICT_OBJC_MSGSEND = YES;
				ENABLE_TESTABILITY = YES;
				ENABLE_USER_SCRIPT_SANDBOXING = YES;
				GCC_C_LANGUAGE_STANDARD = gnu17;
				GCC_DYNAMIC_NO_PIC = NO;
				GCC_NO_COMMON_BLOCKS = YES;
				GCC_OPTIMIZATION_LEVEL = 0;
				GCC_PREPROCESSOR_DEFINITIONS = (
					"DEBUG=1",
					"$(inherited)",
				);
				GCC_WARN_64_TO_32_BIT_CONVERSION = YES;
				GCC_WARN_ABOUT_RETURN_TYPE = YES_ERROR;
				GCC_WARN_UNDECLARED_SELECTOR = YES;
				GCC_WARN_UNINITIALIZED_AUTOS = YES_AGGRESSIVE;
				GCC_WARN_UNUSED_FUNCTION = YES;
				GCC_WARN_UNUSED_VARIABLE = YES;
				IPHONEOS_DEPLOYMENT_TARGET = 18.4;
				LOCALIZATION_PREFERS_STRING_CATALOGS = YES;
				MTL_ENABLE_DEBUG_INFO = INCLUDE_SOURCE;
				MTL_FAST_MATH = YES;
				ONLY_ACTIVE_ARCH = YES;
				SDKROOT = iphoneos;
				SWIFT_ACTIVE_COMPILATION_CONDITIONS = "DEBUG $(inherited)";
				SWIFT_OPTIMIZATION_LEVEL = "-Onone";
			};
			name = Debug;
		};
		6C0DAA262DA1A20F00FCC7EB /* Release */ = {
			isa = XCBuildConfiguration;
			buildSettings = {
				ALWAYS_SEARCH_USER_PATHS = NO;
				ASSETCATALOG_COMPILER_GENERATE_SWIFT_ASSET_SYMBOL_EXTENSIONS = YES;
				CLANG_ANALYZER_NONNULL = YES;
				CLANG_ANALYZER_NUMBER_OBJECT_CONVERSION = YES_AGGRESSIVE;
				CLANG_CXX_LANGUAGE_STANDARD = "gnu++20";
				CLANG_ENABLE_MODULES = YES;
				CLANG_ENABLE_OBJC_ARC = YES;
				CLANG_ENABLE_OBJC_WEAK = YES;
				CLANG_WARN_BLOCK_CAPTURE_AUTORELEASING = YES;
				CLANG_WARN_BOOL_CONVERSION = YES;
				CLANG_WARN_COMMA = YES;
				CLANG_WARN_CONSTANT_CONVERSION = YES;
				CLANG_WARN_DEPRECATED_OBJC_IMPLEMENTATIONS = YES;
				CLANG_WARN_DIRECT_OBJC_ISA_USAGE = YES_ERROR;
				CLANG_WARN_DOCUMENTATION_COMMENTS = YES;
				CLANG_WARN_EMPTY_BODY = YES;
				CLANG_WARN_ENUM_CONVERSION = YES;
				CLANG_WARN_INFINITE_RECURSION = YES;
				CLANG_WARN_INT_CONVERSION = YES;
				CLANG_WARN_NON_LITERAL_NULL_CONVERSION = YES;
				CLANG_WARN_OBJC_IMPLICIT_RETAIN_SELF = YES;
				CLANG_WARN_OBJC_LITERAL_CONVERSION = YES;
				CLANG_WARN_OBJC_ROOT_CLASS = YES_ERROR;
				CLANG_WARN_QUOTED_INCLUDE_IN_FRAMEWORK_HEADER = YES;
				CLANG_WARN_RANGE_LOOP_ANALYSIS = YES;
				CLANG_WARN_STRICT_PROTOTYPES = YES;
				CLANG_WARN_SUSPICIOUS_MOVE = YES;
				CLANG_WARN_UNGUARDED_AVAILABILITY = YES_AGGRESSIVE;
				CLANG_WARN_UNREACHABLE_CODE = YES;
				CLANG_WARN__DUPLICATE_METHOD_MATCH = YES;
				COPY_PHASE_STRIP = NO;
				DEBUG_INFORMATION_FORMAT = "dwarf-with-dsym";
				DEVELOPMENT_TEAM = 5248R2N53Q;
				ENABLE_NS_ASSERTIONS = NO;
				ENABLE_STRICT_OBJC_MSGSEND = YES;
				ENABLE_USER_SCRIPT_SANDBOXING = YES;
				GCC_C_LANGUAGE_STANDARD = gnu17;
				GCC_NO_COMMON_BLOCKS = YES;
				GCC_WARN_64_TO_32_BIT_CONVERSION = YES;
				GCC_WARN_ABOUT_RETURN_TYPE = YES_ERROR;
				GCC_WARN_UNDECLARED_SELECTOR = YES;
				GCC_WARN_UNINITIALIZED_AUTOS = YES_AGGRESSIVE;
				GCC_WARN_UNUSED_FUNCTION = YES;
				GCC_WARN_UNUSED_VARIABLE = YES;
				IPHONEOS_DEPLOYMENT_TARGET = 18.4;
				LOCALIZATION_PREFERS_STRING_CATALOGS = YES;
				MTL_ENABLE_DEBUG_INFO = NO;
				MTL_FAST_MATH = YES;
				SDKROOT = iphoneos;
				SWIFT_COMPILATION_MODE = wholemodule;
				VALIDATE_PRODUCT = YES;
			};
			name = Release;
		};
		6C0DAA282DA1A20F00FCC7EB /* Debug */ = {
			isa = XCBuildConfiguration;
			buildSettings = {
				ASSETCATALOG_COMPILER_APPICON_NAME = AppIcon;
				ASSETCATALOG_COMPILER_GLOBAL_ACCENT_COLOR_NAME = AccentColor;
				ASSETCATALOG_COMPILER_INCLUDE_ALL_APPICON_ASSETS = NO;
				CODE_SIGN_STYLE = Automatic;
				CURRENT_PROJECT_VERSION = 1;
				DEVELOPMENT_TEAM = 5248R2N53Q;
				ENABLE_PREVIEWS = YES;
				GENERATE_INFOPLIST_FILE = YES;
				INFOPLIST_KEY_UIApplicationSceneManifest_Generation = YES;
				INFOPLIST_KEY_UIApplicationSupportsIndirectInputEvents = YES;
				INFOPLIST_KEY_UILaunchScreen_Generation = YES;
				INFOPLIST_KEY_UISupportedInterfaceOrientations_iPad = "UIInterfaceOrientationPortrait UIInterfaceOrientationPortraitUpsideDown UIInterfaceOrientationLandscapeLeft UIInterfaceOrientationLandscapeRight";
				INFOPLIST_KEY_UISupportedInterfaceOrientations_iPhone = "UIInterfaceOrientationPortrait UIInterfaceOrientationLandscapeLeft UIInterfaceOrientationLandscapeRight";
				LD_RUNPATH_SEARCH_PATHS = (
					"$(inherited)",
					"@executable_path/Frameworks",
				);
				MARKETING_VERSION = 1.0;
				PRODUCT_BUNDLE_IDENTIFIER = "de.rohan-roy.Teleprompter";
				PRODUCT_NAME = "$(TARGET_NAME)";
				SWIFT_EMIT_LOC_STRINGS = YES;
				SWIFT_VERSION = 5.0;
				TARGETED_DEVICE_FAMILY = "1,2";
			};
			name = Debug;
		};
		6C0DAA292DA1A20F00FCC7EB /* Release */ = {
			isa = XCBuildConfiguration;
			buildSettings = {
				ASSETCATALOG_COMPILER_APPICON_NAME = AppIcon;
				ASSETCATALOG_COMPILER_GLOBAL_ACCENT_COLOR_NAME = AccentColor;
				ASSETCATALOG_COMPILER_INCLUDE_ALL_APPICON_ASSETS = NO;
				CODE_SIGN_STYLE = Automatic;
				CURRENT_PROJECT_VERSION = 1;
				DEVELOPMENT_TEAM = 5248R2N53Q;
				ENABLE_PREVIEWS = YES;
				GENERATE_INFOPLIST_FILE = YES;
				INFOPLIST_KEY_UIApplicationSceneManifest_Generation = YES;
				INFOPLIST_KEY_UIApplicationSupportsIndirectInputEvents = YES;
				INFOPLIST_KEY_UILaunchScreen_Generation = YES;
				INFOPLIST_KEY_UISupportedInterfaceOrientations_iPad = "UIInterfaceOrientationPortrait UIInterfaceOrientationPortraitUpsideDown UIInterfaceOrientationLandscapeLeft UIInterfaceOrientationLandscapeRight";
				INFOPLIST_KEY_UISupportedInterfaceOrientations_iPhone = "UIInterfaceOrientationPortrait UIInterfaceOrientationLandscapeLeft UIInterfaceOrientationLandscapeRight";
				LD_RUNPATH_SEARCH_PATHS = (
					"$(inherited)",
					"@executable_path/Frameworks",
				);
				MARKETING_VERSION = 1.0;
				PRODUCT_BUNDLE_IDENTIFIER = "de.rohan-roy.Teleprompter";
				PRODUCT_NAME = "$(TARGET_NAME)";
				SWIFT_EMIT_LOC_STRINGS = YES;
				SWIFT_VERSION = 5.0;
				TARGETED_DEVICE_FAMILY = "1,2";
			};
			name = Release;
		};
		6C0DAA2B2DA1A20F00FCC7EB /* Debug */ = {
			isa = XCBuildConfiguration;
			buildSettings = {
				BUNDLE_LOADER = "$(TEST_HOST)";
				CODE_SIGN_STYLE = Automatic;
				CURRENT_PROJECT_VERSION = 1;
				DEVELOPMENT_TEAM = 5248R2N53Q;
				GENERATE_INFOPLIST_FILE = YES;
				IPHONEOS_DEPLOYMENT_TARGET = 18.4;
				MARKETING_VERSION = 1.0;
				PRODUCT_BUNDLE_IDENTIFIER = "de.rohan-roy.TeleprompterTests";
				PRODUCT_NAME = "$(TARGET_NAME)";
				SWIFT_EMIT_LOC_STRINGS = NO;
				SWIFT_VERSION = 5.0;
				TARGETED_DEVICE_FAMILY = "1,2";
				TEST_HOST = "$(BUILT_PRODUCTS_DIR)/Teleprompter.app/$(BUNDLE_EXECUTABLE_FOLDER_PATH)/Teleprompter";
			};
			name = Debug;
		};
		6C0DAA2C2DA1A20F00FCC7EB /* Release */ = {
			isa = XCBuildConfiguration;
			buildSettings = {
				BUNDLE_LOADER = "$(TEST_HOST)";
				CODE_SIGN_STYLE = Automatic;
				CURRENT_PROJECT_VERSION = 1;
				DEVELOPMENT_TEAM = 5248R2N53Q;
				GENERATE_INFOPLIST_FILE = YES;
				IPHONEOS_DEPLOYMENT_TARGET = 18.4;
				MARKETING_VERSION = 1.0;
				PRODUCT_BUNDLE_IDENTIFIER = "de.rohan-roy.TeleprompterTests";
				PRODUCT_NAME = "$(TARGET_NAME)";
				SWIFT_EMIT_LOC_STRINGS = NO;
				SWIFT_VERSION = 5.0;
				TARGETED_DEVICE_FAMILY = "1,2";
				TEST_HOST = "$(BUILT_PRODUCTS_DIR)/Teleprompter.app/$(BUNDLE_EXECUTABLE_FOLDER_PATH)/Teleprompter";
			};
			name = Release;
		};
		6C0DAA2E2DA1A20F00FCC7EB /* Debug */ = {
			isa = XCBuildConfiguration;
			buildSettings = {
				CODE_SIGN_STYLE = Automatic;
				CURRENT_PROJECT_VERSION = 1;
				DEVELOPMENT_TEAM = 5248R2N53Q;
				GENERATE_INFOPLIST_FILE = YES;
				MARKETING_VERSION = 1.0;
				PRODUCT_BUNDLE_IDENTIFIER = "de.rohan-roy.TeleprompterUITests";
				PRODUCT_NAME = "$(TARGET_NAME)";
				SWIFT_EMIT_LOC_STRINGS = NO;
				SWIFT_VERSION = 5.0;
				TARGETED_DEVICE_FAMILY = "1,2";
				TEST_TARGET_NAME = Teleprompter;
			};
			name = Debug;
		};
		6C0DAA2F2DA1A20F00FCC7EB /* Release */ = {
			isa = XCBuildConfiguration;
			buildSettings = {
				CODE_SIGN_STYLE = Automatic;
				CURRENT_PROJECT_VERSION = 1;
				DEVELOPMENT_TEAM = 5248R2N53Q;
				GENERATE_INFOPLIST_FILE = YES;
				MARKETING_VERSION = 1.0;
				PRODUCT_BUNDLE_IDENTIFIER = "de.rohan-roy.TeleprompterUITests";
				PRODUCT_NAME = "$(TARGET_NAME)";
				SWIFT_EMIT_LOC_STRINGS = NO;
				SWIFT_VERSION = 5.0;
				TARGETED_DEVICE_FAMILY = "1,2";
				TEST_TARGET_NAME = Teleprompter;
			};
			name = Release;
		};
/* End XCBuildConfiguration section */

/* Begin XCConfigurationList section */
		6C0DA9FC2DA1A20D00FCC7EB /* Build configuration list for PBXProject "Teleprompter" */ = {
			isa = XCConfigurationList;
			buildConfigurations = (
				6C0DAA252DA1A20F00FCC7EB /* Debug */,
				6C0DAA262DA1A20F00FCC7EB /* Release */,
			);
			defaultConfigurationIsVisible = 0;
			defaultConfigurationName = Release;
		};
		6C0DAA272DA1A20F00FCC7EB /* Build configuration list for PBXNativeTarget "Teleprompter" */ = {
			isa = XCConfigurationList;
			buildConfigurations = (
				6C0DAA282DA1A20F00FCC7EB /* Debug */,
				6C0DAA292DA1A20F00FCC7EB /* Release */,
			);
			defaultConfigurationIsVisible = 0;
			defaultConfigurationName = Release;
		};
		6C0DAA2A2DA1A20F00FCC7EB /* Build configuration list for PBXNativeTarget "TeleprompterTests" */ = {
			isa = XCConfigurationList;
			buildConfigurations = (
				6C0DAA2B2DA1A20F00FCC7EB /* Debug */,
				6C0DAA2C2DA1A20F00FCC7EB /* Release */,
			);
			defaultConfigurationIsVisible = 0;
			defaultConfigurationName = Release;
		};
		6C0DAA2D2DA1A20F00FCC7EB /* Build configuration list for PBXNativeTarget "TeleprompterUITests" */ = {
			isa = XCConfigurationList;
			buildConfigurations = (
				6C0DAA2E2DA1A20F00FCC7EB /* Debug */,
				6C0DAA2F2DA1A20F00FCC7EB /* Release */,
			);
			defaultConfigurationIsVisible = 0;
			defaultConfigurationName = Release;
		};
/* End XCConfigurationList section */
	};
	rootObject = 6C0DA9F92DA1A20D00FCC7EB /* Project object */;
}
